
Microsoft Visual Studio Solution File, Format Version 12.00
# Visual Studio 14
VisualStudioVersion = 14.0.25123.0
MinimumVisualStudioVersion = 10.0.40219.1
Project("{FAE04EC0-301F-11D3-BF4B-00C04F79EFBC}") = "XFMoviesDemo.Droid", "XFMoviesDemo\XFMoviesDemo.Droid\XFMoviesDemo.Droid.csproj", "{7A448987-B47E-465F-83F1-B8C82337CC98}"
EndProject
Project("{FAE04EC0-301F-11D3-BF4B-00C04F79EFBC}") = "XFMoviesDemo.iOS", "XFMoviesDemo\XFMoviesDemo.iOS\XFMoviesDemo.iOS.csproj", "{CA77BE44-01C8-453D-AF59-14BB0BB082B2}"
EndProject
Project("{FAE04EC0-301F-11D3-BF4B-00C04F79EFBC}") = "XFMoviesDemo.WinPhone", "XFMoviesDemo\XFMoviesDemo.WinPhone\XFMoviesDemo.WinPhone.csproj", "{3D091453-2C23-4AAD-B804-0F812F3B3959}"
EndProject
Project("{FAE04EC0-301F-11D3-BF4B-00C04F79EFBC}") = "XFMoviesDemo.UWP", "XFMoviesDemo\XFMoviesDemo.UWP\XFMoviesDemo.UWP.csproj", "{EF4FDC30-58EE-447F-A3B0-8E0D14E9F4EA}"
EndProject
Project("{FAE04EC0-301F-11D3-BF4B-00C04F79EFBC}") = "XFMoviesDemo.Windows", "XFMoviesDemo\XFMoviesDemo.Windows\XFMoviesDemo.Windows.csproj", "{7FDEF114-30DA-4640-856A-86A80EE2E157}"
EndProject
Project("{FAE04EC0-301F-11D3-BF4B-00C04F79EFBC}") = "XFMoviesDemo", "XFMoviesDemo\XFMoviesDemo\XFMoviesDemo.csproj", "{C8521B8F-109C-44D7-8A24-BE5551EF75FA}"
EndProject
Global
	GlobalSection(SolutionConfigurationPlatforms) = preSolution
		Ad-Hoc|Any CPU = Ad-Hoc|Any CPU
		Ad-Hoc|ARM = Ad-Hoc|ARM
		Ad-Hoc|iPhone = Ad-Hoc|iPhone
		Ad-Hoc|iPhoneSimulator = Ad-Hoc|iPhoneSimulator
		Ad-Hoc|x64 = Ad-Hoc|x64
		Ad-Hoc|x86 = Ad-Hoc|x86
		AppStore|Any CPU = AppStore|Any CPU
		AppStore|ARM = AppStore|ARM
		AppStore|iPhone = AppStore|iPhone
		AppStore|iPhoneSimulator = AppStore|iPhoneSimulator
		AppStore|x64 = AppStore|x64
		AppStore|x86 = AppStore|x86
		Debug|Any CPU = Debug|Any CPU
		Debug|ARM = Debug|ARM
		Debug|iPhone = Debug|iPhone
		Debug|iPhoneSimulator = Debug|iPhoneSimulator
		Debug|x64 = Debug|x64
		Debug|x86 = Debug|x86
		Release|Any CPU = Release|Any CPU
		Release|ARM = Release|ARM
		Release|iPhone = Release|iPhone
		Release|iPhoneSimulator = Release|iPhoneSimulator
		Release|x64 = Release|x64
		Release|x86 = Release|x86
	EndGlobalSection
	GlobalSection(ProjectConfigurationPlatforms) = postSolution
		{7A448987-B47E-465F-83F1-B8C82337CC98}.Ad-Hoc|Any CPU.ActiveCfg = Release|Any CPU
		{7A448987-B47E-465F-83F1-B8C82337CC98}.Ad-Hoc|Any CPU.Build.0 = Release|Any CPU
		{7A448987-B47E-465F-83F1-B8C82337CC98}.Ad-Hoc|Any CPU.Deploy.0 = Release|Any CPU
		{7A448987-B47E-465F-83F1-B8C82337CC98}.Ad-Hoc|ARM.ActiveCfg = Release|Any CPU
		{7A448987-B47E-465F-83F1-B8C82337CC98}.Ad-Hoc|ARM.Build.0 = Release|Any CPU
		{7A448987-B47E-465F-83F1-B8C82337CC98}.Ad-Hoc|ARM.Deploy.0 = Release|Any CPU
		{7A448987-B47E-465F-83F1-B8C82337CC98}.Ad-Hoc|iPhone.ActiveCfg = Release|Any CPU
		{7A448987-B47E-465F-83F1-B8C82337CC98}.Ad-Hoc|iPhone.Build.0 = Release|Any CPU
		{7A448987-B47E-465F-83F1-B8C82337CC98}.Ad-Hoc|iPhone.Deploy.0 = Release|Any CPU
		{7A448987-B47E-465F-83F1-B8C82337CC98}.Ad-Hoc|iPhoneSimulator.ActiveCfg = Release|Any CPU
		{7A448987-B47E-465F-83F1-B8C82337CC98}.Ad-Hoc|iPhoneSimulator.Build.0 = Release|Any CPU
		{7A448987-B47E-465F-83F1-B8C82337CC98}.Ad-Hoc|iPhoneSimulator.Deploy.0 = Release|Any CPU
		{7A448987-B47E-465F-83F1-B8C82337CC98}.Ad-Hoc|x64.ActiveCfg = Release|Any CPU
		{7A448987-B47E-465F-83F1-B8C82337CC98}.Ad-Hoc|x64.Build.0 = Release|Any CPU
		{7A448987-B47E-465F-83F1-B8C82337CC98}.Ad-Hoc|x64.Deploy.0 = Release|Any CPU
		{7A448987-B47E-465F-83F1-B8C82337CC98}.Ad-Hoc|x86.ActiveCfg = Release|Any CPU
		{7A448987-B47E-465F-83F1-B8C82337CC98}.Ad-Hoc|x86.Build.0 = Release|Any CPU
		{7A448987-B47E-465F-83F1-B8C82337CC98}.Ad-Hoc|x86.Deploy.0 = Release|Any CPU
		{7A448987-B47E-465F-83F1-B8C82337CC98}.AppStore|Any CPU.ActiveCfg = Release|Any CPU
		{7A448987-B47E-465F-83F1-B8C82337CC98}.AppStore|Any CPU.Build.0 = Release|Any CPU
		{7A448987-B47E-465F-83F1-B8C82337CC98}.AppStore|Any CPU.Deploy.0 = Release|Any CPU
		{7A448987-B47E-465F-83F1-B8C82337CC98}.AppStore|ARM.ActiveCfg = Release|Any CPU
		{7A448987-B47E-465F-83F1-B8C82337CC98}.AppStore|ARM.Build.0 = Release|Any CPU
		{7A448987-B47E-465F-83F1-B8C82337CC98}.AppStore|ARM.Deploy.0 = Release|Any CPU
		{7A448987-B47E-465F-83F1-B8C82337CC98}.AppStore|iPhone.ActiveCfg = Release|Any CPU
		{7A448987-B47E-465F-83F1-B8C82337CC98}.AppStore|iPhone.Build.0 = Release|Any CPU
		{7A448987-B47E-465F-83F1-B8C82337CC98}.AppStore|iPhone.Deploy.0 = Release|Any CPU
		{7A448987-B47E-465F-83F1-B8C82337CC98}.AppStore|iPhoneSimulator.ActiveCfg = Release|Any CPU
		{7A448987-B47E-465F-83F1-B8C82337CC98}.AppStore|iPhoneSimulator.Build.0 = Release|Any CPU
		{7A448987-B47E-465F-83F1-B8C82337CC98}.AppStore|iPhoneSimulator.Deploy.0 = Release|Any CPU
		{7A448987-B47E-465F-83F1-B8C82337CC98}.AppStore|x64.ActiveCfg = Release|Any CPU
		{7A448987-B47E-465F-83F1-B8C82337CC98}.AppStore|x64.Build.0 = Release|Any CPU
		{7A448987-B47E-465F-83F1-B8C82337CC98}.AppStore|x64.Deploy.0 = Release|Any CPU
		{7A448987-B47E-465F-83F1-B8C82337CC98}.AppStore|x86.ActiveCfg = Release|Any CPU
		{7A448987-B47E-465F-83F1-B8C82337CC98}.AppStore|x86.Build.0 = Release|Any CPU
		{7A448987-B47E-465F-83F1-B8C82337CC98}.AppStore|x86.Deploy.0 = Release|Any CPU
		{7A448987-B47E-465F-83F1-B8C82337CC98}.Debug|Any CPU.ActiveCfg = Debug|Any CPU
		{7A448987-B47E-465F-83F1-B8C82337CC98}.Debug|Any CPU.Build.0 = Debug|Any CPU
		{7A448987-B47E-465F-83F1-B8C82337CC98}.Debug|Any CPU.Deploy.0 = Debug|Any CPU
		{7A448987-B47E-465F-83F1-B8C82337CC98}.Debug|ARM.ActiveCfg = Debug|Any CPU
		{7A448987-B47E-465F-83F1-B8C82337CC98}.Debug|ARM.Build.0 = Debug|Any CPU
		{7A448987-B47E-465F-83F1-B8C82337CC98}.Debug|ARM.Deploy.0 = Debug|Any CPU
		{7A448987-B47E-465F-83F1-B8C82337CC98}.Debug|iPhone.ActiveCfg = Debug|Any CPU
		{7A448987-B47E-465F-83F1-B8C82337CC98}.Debug|iPhone.Build.0 = Debug|Any CPU
		{7A448987-B47E-465F-83F1-B8C82337CC98}.Debug|iPhone.Deploy.0 = Debug|Any CPU
		{7A448987-B47E-465F-83F1-B8C82337CC98}.Debug|iPhoneSimulator.ActiveCfg = Debug|Any CPU
		{7A448987-B47E-465F-83F1-B8C82337CC98}.Debug|iPhoneSimulator.Build.0 = Debug|Any CPU
		{7A448987-B47E-465F-83F1-B8C82337CC98}.Debug|iPhoneSimulator.Deploy.0 = Debug|Any CPU
		{7A448987-B47E-465F-83F1-B8C82337CC98}.Debug|x64.ActiveCfg = Debug|Any CPU
		{7A448987-B47E-465F-83F1-B8C82337CC98}.Debug|x64.Build.0 = Debug|Any CPU
		{7A448987-B47E-465F-83F1-B8C82337CC98}.Debug|x64.Deploy.0 = Debug|Any CPU
		{7A448987-B47E-465F-83F1-B8C82337CC98}.Debug|x86.ActiveCfg = Debug|Any CPU
		{7A448987-B47E-465F-83F1-B8C82337CC98}.Debug|x86.Build.0 = Debug|Any CPU
		{7A448987-B47E-465F-83F1-B8C82337CC98}.Debug|x86.Deploy.0 = Debug|Any CPU
		{7A448987-B47E-465F-83F1-B8C82337CC98}.Release|Any CPU.ActiveCfg = Release|Any CPU
		{7A448987-B47E-465F-83F1-B8C82337CC98}.Release|Any CPU.Build.0 = Release|Any CPU
		{7A448987-B47E-465F-83F1-B8C82337CC98}.Release|Any CPU.Deploy.0 = Release|Any CPU
		{7A448987-B47E-465F-83F1-B8C82337CC98}.Release|ARM.ActiveCfg = Release|Any CPU
		{7A448987-B47E-465F-83F1-B8C82337CC98}.Release|ARM.Build.0 = Release|Any CPU
		{7A448987-B47E-465F-83F1-B8C82337CC98}.Release|ARM.Deploy.0 = Release|Any CPU
		{7A448987-B47E-465F-83F1-B8C82337CC98}.Release|iPhone.ActiveCfg = Release|Any CPU
		{7A448987-B47E-465F-83F1-B8C82337CC98}.Release|iPhone.Build.0 = Release|Any CPU
		{7A448987-B47E-465F-83F1-B8C82337CC98}.Release|iPhone.Deploy.0 = Release|Any CPU
		{7A448987-B47E-465F-83F1-B8C82337CC98}.Release|iPhoneSimulator.ActiveCfg = Release|Any CPU
		{7A448987-B47E-465F-83F1-B8C82337CC98}.Release|iPhoneSimulator.Build.0 = Release|Any CPU
		{7A448987-B47E-465F-83F1-B8C82337CC98}.Release|iPhoneSimulator.Deploy.0 = Release|Any CPU
		{7A448987-B47E-465F-83F1-B8C82337CC98}.Release|x64.ActiveCfg = Release|Any CPU
		{7A448987-B47E-465F-83F1-B8C82337CC98}.Release|x64.Build.0 = Release|Any CPU
		{7A448987-B47E-465F-83F1-B8C82337CC98}.Release|x64.Deploy.0 = Release|Any CPU
		{7A448987-B47E-465F-83F1-B8C82337CC98}.Release|x86.ActiveCfg = Release|Any CPU
		{7A448987-B47E-465F-83F1-B8C82337CC98}.Release|x86.Build.0 = Release|Any CPU
		{7A448987-B47E-465F-83F1-B8C82337CC98}.Release|x86.Deploy.0 = Release|Any CPU
		{CA77BE44-01C8-453D-AF59-14BB0BB082B2}.Ad-Hoc|Any CPU.ActiveCfg = Ad-Hoc|iPhone
		{CA77BE44-01C8-453D-AF59-14BB0BB082B2}.Ad-Hoc|ARM.ActiveCfg = Ad-Hoc|iPhone
		{CA77BE44-01C8-453D-AF59-14BB0BB082B2}.Ad-Hoc|iPhone.ActiveCfg = Ad-Hoc|iPhone
		{CA77BE44-01C8-453D-AF59-14BB0BB082B2}.Ad-Hoc|iPhone.Build.0 = Ad-Hoc|iPhone
		{CA77BE44-01C8-453D-AF59-14BB0BB082B2}.Ad-Hoc|iPhoneSimulator.ActiveCfg = Ad-Hoc|iPhoneSimulator
		{CA77BE44-01C8-453D-AF59-14BB0BB082B2}.Ad-Hoc|iPhoneSimulator.Build.0 = Ad-Hoc|iPhoneSimulator
		{CA77BE44-01C8-453D-AF59-14BB0BB082B2}.Ad-Hoc|x64.ActiveCfg = Ad-Hoc|iPhone
		{CA77BE44-01C8-453D-AF59-14BB0BB082B2}.Ad-Hoc|x86.ActiveCfg = Ad-Hoc|iPhone
		{CA77BE44-01C8-453D-AF59-14BB0BB082B2}.AppStore|Any CPU.ActiveCfg = AppStore|iPhone
		{CA77BE44-01C8-453D-AF59-14BB0BB082B2}.AppStore|ARM.ActiveCfg = AppStore|iPhone
		{CA77BE44-01C8-453D-AF59-14BB0BB082B2}.AppStore|iPhone.ActiveCfg = AppStore|iPhone
		{CA77BE44-01C8-453D-AF59-14BB0BB082B2}.AppStore|iPhone.Build.0 = AppStore|iPhone
		{CA77BE44-01C8-453D-AF59-14BB0BB082B2}.AppStore|iPhoneSimulator.ActiveCfg = AppStore|iPhoneSimulator
		{CA77BE44-01C8-453D-AF59-14BB0BB082B2}.AppStore|iPhoneSimulator.Build.0 = AppStore|iPhoneSimulator
		{CA77BE44-01C8-453D-AF59-14BB0BB082B2}.AppStore|x64.ActiveCfg = AppStore|iPhone
		{CA77BE44-01C8-453D-AF59-14BB0BB082B2}.AppStore|x86.ActiveCfg = AppStore|iPhone
		{CA77BE44-01C8-453D-AF59-14BB0BB082B2}.Debug|Any CPU.ActiveCfg = Debug|iPhone
		{CA77BE44-01C8-453D-AF59-14BB0BB082B2}.Debug|ARM.ActiveCfg = Debug|iPhone
		{CA77BE44-01C8-453D-AF59-14BB0BB082B2}.Debug|iPhone.ActiveCfg = Debug|iPhone
		{CA77BE44-01C8-453D-AF59-14BB0BB082B2}.Debug|iPhone.Build.0 = Debug|iPhone
		{CA77BE44-01C8-453D-AF59-14BB0BB082B2}.Debug|iPhoneSimulator.ActiveCfg = Debug|iPhoneSimulator
		{CA77BE44-01C8-453D-AF59-14BB0BB082B2}.Debug|iPhoneSimulator.Build.0 = Debug|iPhoneSimulator
		{CA77BE44-01C8-453D-AF59-14BB0BB082B2}.Debug|x64.ActiveCfg = Debug|iPhone
		{CA77BE44-01C8-453D-AF59-14BB0BB082B2}.Debug|x86.ActiveCfg = Debug|iPhone
		{CA77BE44-01C8-453D-AF59-14BB0BB082B2}.Release|Any CPU.ActiveCfg = Release|iPhone
		{CA77BE44-01C8-453D-AF59-14BB0BB082B2}.Release|ARM.ActiveCfg = Release|iPhone
		{CA77BE44-01C8-453D-AF59-14BB0BB082B2}.Release|iPhone.ActiveCfg = Release|iPhone
		{CA77BE44-01C8-453D-AF59-14BB0BB082B2}.Release|iPhone.Build.0 = Release|iPhone
		{CA77BE44-01C8-453D-AF59-14BB0BB082B2}.Release|iPhoneSimulator.ActiveCfg = Release|iPhoneSimulator
		{CA77BE44-01C8-453D-AF59-14BB0BB082B2}.Release|iPhoneSimulator.Build.0 = Release|iPhoneSimulator
		{CA77BE44-01C8-453D-AF59-14BB0BB082B2}.Release|x64.ActiveCfg = Release|iPhone
		{CA77BE44-01C8-453D-AF59-14BB0BB082B2}.Release|x86.ActiveCfg = Release|iPhone
		{3D091453-2C23-4AAD-B804-0F812F3B3959}.Ad-Hoc|Any CPU.ActiveCfg = Release|Any CPU
		{3D091453-2C23-4AAD-B804-0F812F3B3959}.Ad-Hoc|Any CPU.Build.0 = Release|Any CPU
		{3D091453-2C23-4AAD-B804-0F812F3B3959}.Ad-Hoc|Any CPU.Deploy.0 = Release|Any CPU
		{3D091453-2C23-4AAD-B804-0F812F3B3959}.Ad-Hoc|ARM.ActiveCfg = Release|ARM
		{3D091453-2C23-4AAD-B804-0F812F3B3959}.Ad-Hoc|ARM.Build.0 = Release|ARM
		{3D091453-2C23-4AAD-B804-0F812F3B3959}.Ad-Hoc|ARM.Deploy.0 = Release|ARM
		{3D091453-2C23-4AAD-B804-0F812F3B3959}.Ad-Hoc|iPhone.ActiveCfg = Release|Any CPU
		{3D091453-2C23-4AAD-B804-0F812F3B3959}.Ad-Hoc|iPhone.Build.0 = Release|Any CPU
		{3D091453-2C23-4AAD-B804-0F812F3B3959}.Ad-Hoc|iPhone.Deploy.0 = Release|Any CPU
		{3D091453-2C23-4AAD-B804-0F812F3B3959}.Ad-Hoc|iPhoneSimulator.ActiveCfg = Release|Any CPU
		{3D091453-2C23-4AAD-B804-0F812F3B3959}.Ad-Hoc|iPhoneSimulator.Build.0 = Release|Any CPU
		{3D091453-2C23-4AAD-B804-0F812F3B3959}.Ad-Hoc|iPhoneSimulator.Deploy.0 = Release|Any CPU
		{3D091453-2C23-4AAD-B804-0F812F3B3959}.Ad-Hoc|x64.ActiveCfg = Release|Any CPU
		{3D091453-2C23-4AAD-B804-0F812F3B3959}.Ad-Hoc|x64.Build.0 = Release|Any CPU
		{3D091453-2C23-4AAD-B804-0F812F3B3959}.Ad-Hoc|x64.Deploy.0 = Release|Any CPU
		{3D091453-2C23-4AAD-B804-0F812F3B3959}.Ad-Hoc|x86.ActiveCfg = Release|x86
		{3D091453-2C23-4AAD-B804-0F812F3B3959}.Ad-Hoc|x86.Build.0 = Release|x86
		{3D091453-2C23-4AAD-B804-0F812F3B3959}.Ad-Hoc|x86.Deploy.0 = Release|x86
		{3D091453-2C23-4AAD-B804-0F812F3B3959}.AppStore|Any CPU.ActiveCfg = Release|Any CPU
		{3D091453-2C23-4AAD-B804-0F812F3B3959}.AppStore|Any CPU.Build.0 = Release|Any CPU
		{3D091453-2C23-4AAD-B804-0F812F3B3959}.AppStore|Any CPU.Deploy.0 = Release|Any CPU
		{3D091453-2C23-4AAD-B804-0F812F3B3959}.AppStore|ARM.ActiveCfg = Release|ARM
		{3D091453-2C23-4AAD-B804-0F812F3B3959}.AppStore|ARM.Build.0 = Release|ARM
		{3D091453-2C23-4AAD-B804-0F812F3B3959}.AppStore|ARM.Deploy.0 = Release|ARM
		{3D091453-2C23-4AAD-B804-0F812F3B3959}.AppStore|iPhone.ActiveCfg = Release|Any CPU
		{3D091453-2C23-4AAD-B804-0F812F3B3959}.AppStore|iPhone.Build.0 = Release|Any CPU
		{3D091453-2C23-4AAD-B804-0F812F3B3959}.AppStore|iPhone.Deploy.0 = Release|Any CPU
		{3D091453-2C23-4AAD-B804-0F812F3B3959}.AppStore|iPhoneSimulator.ActiveCfg = Release|Any CPU
		{3D091453-2C23-4AAD-B804-0F812F3B3959}.AppStore|iPhoneSimulator.Build.0 = Release|Any CPU
		{3D091453-2C23-4AAD-B804-0F812F3B3959}.AppStore|iPhoneSimulator.Deploy.0 = Release|Any CPU
		{3D091453-2C23-4AAD-B804-0F812F3B3959}.AppStore|x64.ActiveCfg = Release|Any CPU
		{3D091453-2C23-4AAD-B804-0F812F3B3959}.AppStore|x64.Build.0 = Release|Any CPU
		{3D091453-2C23-4AAD-B804-0F812F3B3959}.AppStore|x64.Deploy.0 = Release|Any CPU
		{3D091453-2C23-4AAD-B804-0F812F3B3959}.AppStore|x86.ActiveCfg = Release|x86
		{3D091453-2C23-4AAD-B804-0F812F3B3959}.AppStore|x86.Build.0 = Release|x86
		{3D091453-2C23-4AAD-B804-0F812F3B3959}.AppStore|x86.Deploy.0 = Release|x86
		{3D091453-2C23-4AAD-B804-0F812F3B3959}.Debug|Any CPU.ActiveCfg = Debug|Any CPU
		{3D091453-2C23-4AAD-B804-0F812F3B3959}.Debug|Any CPU.Build.0 = Debug|Any CPU
		{3D091453-2C23-4AAD-B804-0F812F3B3959}.Debug|Any CPU.Deploy.0 = Debug|Any CPU
		{3D091453-2C23-4AAD-B804-0F812F3B3959}.Debug|ARM.ActiveCfg = Debug|ARM
		{3D091453-2C23-4AAD-B804-0F812F3B3959}.Debug|ARM.Build.0 = Debug|ARM
		{3D091453-2C23-4AAD-B804-0F812F3B3959}.Debug|ARM.Deploy.0 = Debug|ARM
		{3D091453-2C23-4AAD-B804-0F812F3B3959}.Debug|iPhone.ActiveCfg = Debug|Any CPU
		{3D091453-2C23-4AAD-B804-0F812F3B3959}.Debug|iPhone.Build.0 = Debug|Any CPU
		{3D091453-2C23-4AAD-B804-0F812F3B3959}.Debug|iPhone.Deploy.0 = Debug|Any CPU
		{3D091453-2C23-4AAD-B804-0F812F3B3959}.Debug|iPhoneSimulator.ActiveCfg = Debug|Any CPU
		{3D091453-2C23-4AAD-B804-0F812F3B3959}.Debug|iPhoneSimulator.Build.0 = Debug|Any CPU
		{3D091453-2C23-4AAD-B804-0F812F3B3959}.Debug|iPhoneSimulator.Deploy.0 = Debug|Any CPU
		{3D091453-2C23-4AAD-B804-0F812F3B3959}.Debug|x64.ActiveCfg = Debug|Any CPU
		{3D091453-2C23-4AAD-B804-0F812F3B3959}.Debug|x64.Build.0 = Debug|Any CPU
		{3D091453-2C23-4AAD-B804-0F812F3B3959}.Debug|x64.Deploy.0 = Debug|Any CPU
		{3D091453-2C23-4AAD-B804-0F812F3B3959}.Debug|x86.ActiveCfg = Debug|x86
		{3D091453-2C23-4AAD-B804-0F812F3B3959}.Debug|x86.Build.0 = Debug|x86
		{3D091453-2C23-4AAD-B804-0F812F3B3959}.Debug|x86.Deploy.0 = Debug|x86
		{3D091453-2C23-4AAD-B804-0F812F3B3959}.Release|Any CPU.ActiveCfg = Release|Any CPU
		{3D091453-2C23-4AAD-B804-0F812F3B3959}.Release|Any CPU.Build.0 = Release|Any CPU
		{3D091453-2C23-4AAD-B804-0F812F3B3959}.Release|Any CPU.Deploy.0 = Release|Any CPU
		{3D091453-2C23-4AAD-B804-0F812F3B3959}.Release|ARM.ActiveCfg = Release|ARM
		{3D091453-2C23-4AAD-B804-0F812F3B3959}.Release|ARM.Build.0 = Release|ARM
		{3D091453-2C23-4AAD-B804-0F812F3B3959}.Release|ARM.Deploy.0 = Release|ARM
		{3D091453-2C23-4AAD-B804-0F812F3B3959}.Release|iPhone.ActiveCfg = Release|Any CPU
		{3D091453-2C23-4AAD-B804-0F812F3B3959}.Release|iPhone.Build.0 = Release|Any CPU
		{3D091453-2C23-4AAD-B804-0F812F3B3959}.Release|iPhone.Deploy.0 = Release|Any CPU
		{3D091453-2C23-4AAD-B804-0F812F3B3959}.Release|iPhoneSimulator.ActiveCfg = Release|Any CPU
		{3D091453-2C23-4AAD-B804-0F812F3B3959}.Release|iPhoneSimulator.Build.0 = Release|Any CPU
		{3D091453-2C23-4AAD-B804-0F812F3B3959}.Release|iPhoneSimulator.Deploy.0 = Release|Any CPU
		{3D091453-2C23-4AAD-B804-0F812F3B3959}.Release|x64.ActiveCfg = Release|Any CPU
		{3D091453-2C23-4AAD-B804-0F812F3B3959}.Release|x64.Build.0 = Release|Any CPU
		{3D091453-2C23-4AAD-B804-0F812F3B3959}.Release|x64.Deploy.0 = Release|Any CPU
		{3D091453-2C23-4AAD-B804-0F812F3B3959}.Release|x86.ActiveCfg = Release|x86
		{3D091453-2C23-4AAD-B804-0F812F3B3959}.Release|x86.Build.0 = Release|x86
		{3D091453-2C23-4AAD-B804-0F812F3B3959}.Release|x86.Deploy.0 = Release|x86
		{EF4FDC30-58EE-447F-A3B0-8E0D14E9F4EA}.Ad-Hoc|Any CPU.ActiveCfg = Release|x86
		{EF4FDC30-58EE-447F-A3B0-8E0D14E9F4EA}.Ad-Hoc|Any CPU.Build.0 = Release|x86
		{EF4FDC30-58EE-447F-A3B0-8E0D14E9F4EA}.Ad-Hoc|Any CPU.Deploy.0 = Release|x86
		{EF4FDC30-58EE-447F-A3B0-8E0D14E9F4EA}.Ad-Hoc|ARM.ActiveCfg = Release|ARM
		{EF4FDC30-58EE-447F-A3B0-8E0D14E9F4EA}.Ad-Hoc|ARM.Build.0 = Release|ARM
		{EF4FDC30-58EE-447F-A3B0-8E0D14E9F4EA}.Ad-Hoc|ARM.Deploy.0 = Release|ARM
		{EF4FDC30-58EE-447F-A3B0-8E0D14E9F4EA}.Ad-Hoc|iPhone.ActiveCfg = Release|x86
		{EF4FDC30-58EE-447F-A3B0-8E0D14E9F4EA}.Ad-Hoc|iPhone.Build.0 = Release|x86
		{EF4FDC30-58EE-447F-A3B0-8E0D14E9F4EA}.Ad-Hoc|iPhone.Deploy.0 = Release|x86
		{EF4FDC30-58EE-447F-A3B0-8E0D14E9F4EA}.Ad-Hoc|iPhoneSimulator.ActiveCfg = Release|x86
		{EF4FDC30-58EE-447F-A3B0-8E0D14E9F4EA}.Ad-Hoc|iPhoneSimulator.Build.0 = Release|x86
		{EF4FDC30-58EE-447F-A3B0-8E0D14E9F4EA}.Ad-Hoc|iPhoneSimulator.Deploy.0 = Release|x86
		{EF4FDC30-58EE-447F-A3B0-8E0D14E9F4EA}.Ad-Hoc|x64.ActiveCfg = Release|x64
		{EF4FDC30-58EE-447F-A3B0-8E0D14E9F4EA}.Ad-Hoc|x64.Build.0 = Release|x64
		{EF4FDC30-58EE-447F-A3B0-8E0D14E9F4EA}.Ad-Hoc|x64.Deploy.0 = Release|x64
		{EF4FDC30-58EE-447F-A3B0-8E0D14E9F4EA}.Ad-Hoc|x86.ActiveCfg = Release|x86
		{EF4FDC30-58EE-447F-A3B0-8E0D14E9F4EA}.Ad-Hoc|x86.Build.0 = Release|x86
		{EF4FDC30-58EE-447F-A3B0-8E0D14E9F4EA}.Ad-Hoc|x86.Deploy.0 = Release|x86
		{EF4FDC30-58EE-447F-A3B0-8E0D14E9F4EA}.AppStore|Any CPU.ActiveCfg = Release|x86
		{EF4FDC30-58EE-447F-A3B0-8E0D14E9F4EA}.AppStore|Any CPU.Build.0 = Release|x86
		{EF4FDC30-58EE-447F-A3B0-8E0D14E9F4EA}.AppStore|Any CPU.Deploy.0 = Release|x86
		{EF4FDC30-58EE-447F-A3B0-8E0D14E9F4EA}.AppStore|ARM.ActiveCfg = Release|ARM
		{EF4FDC30-58EE-447F-A3B0-8E0D14E9F4EA}.AppStore|ARM.Build.0 = Release|ARM
		{EF4FDC30-58EE-447F-A3B0-8E0D14E9F4EA}.AppStore|ARM.Deploy.0 = Release|ARM
		{EF4FDC30-58EE-447F-A3B0-8E0D14E9F4EA}.AppStore|iPhone.ActiveCfg = Release|x86
		{EF4FDC30-58EE-447F-A3B0-8E0D14E9F4EA}.AppStore|iPhone.Build.0 = Release|x86
		{EF4FDC30-58EE-447F-A3B0-8E0D14E9F4EA}.AppStore|iPhone.Deploy.0 = Release|x86
		{EF4FDC30-58EE-447F-A3B0-8E0D14E9F4EA}.AppStore|iPhoneSimulator.ActiveCfg = Release|x86
		{EF4FDC30-58EE-447F-A3B0-8E0D14E9F4EA}.AppStore|iPhoneSimulator.Build.0 = Release|x86
		{EF4FDC30-58EE-447F-A3B0-8E0D14E9F4EA}.AppStore|iPhoneSimulator.Deploy.0 = Release|x86
		{EF4FDC30-58EE-447F-A3B0-8E0D14E9F4EA}.AppStore|x64.ActiveCfg = Release|x64
		{EF4FDC30-58EE-447F-A3B0-8E0D14E9F4EA}.AppStore|x64.Build.0 = Release|x64
		{EF4FDC30-58EE-447F-A3B0-8E0D14E9F4EA}.AppStore|x64.Deploy.0 = Release|x64
		{EF4FDC30-58EE-447F-A3B0-8E0D14E9F4EA}.AppStore|x86.ActiveCfg = Release|x86
		{EF4FDC30-58EE-447F-A3B0-8E0D14E9F4EA}.AppStore|x86.Build.0 = Release|x86
		{EF4FDC30-58EE-447F-A3B0-8E0D14E9F4EA}.AppStore|x86.Deploy.0 = Release|x86
		{EF4FDC30-58EE-447F-A3B0-8E0D14E9F4EA}.Debug|Any CPU.ActiveCfg = Debug|x86
		{EF4FDC30-58EE-447F-A3B0-8E0D14E9F4EA}.Debug|Any CPU.Build.0 = Debug|x86
		{EF4FDC30-58EE-447F-A3B0-8E0D14E9F4EA}.Debug|Any CPU.Deploy.0 = Debug|x86
		{EF4FDC30-58EE-447F-A3B0-8E0D14E9F4EA}.Debug|ARM.ActiveCfg = Debug|ARM
		{EF4FDC30-58EE-447F-A3B0-8E0D14E9F4EA}.Debug|ARM.Build.0 = Debug|ARM
		{EF4FDC30-58EE-447F-A3B0-8E0D14E9F4EA}.Debug|ARM.Deploy.0 = Debug|ARM
		{EF4FDC30-58EE-447F-A3B0-8E0D14E9F4EA}.Debug|iPhone.ActiveCfg = Debug|x86
		{EF4FDC30-58EE-447F-A3B0-8E0D14E9F4EA}.Debug|iPhoneSimulator.ActiveCfg = Debug|x86
		{EF4FDC30-58EE-447F-A3B0-8E0D14E9F4EA}.Debug|x64.ActiveCfg = Debug|x64
		{EF4FDC30-58EE-447F-A3B0-8E0D14E9F4EA}.Debug|x64.Build.0 = Debug|x64
		{EF4FDC30-58EE-447F-A3B0-8E0D14E9F4EA}.Debug|x64.Deploy.0 = Debug|x64
		{EF4FDC30-58EE-447F-A3B0-8E0D14E9F4EA}.Debug|x86.ActiveCfg = Debug|x86
		{EF4FDC30-58EE-447F-A3B0-8E0D14E9F4EA}.Debug|x86.Build.0 = Debug|x86
		{EF4FDC30-58EE-447F-A3B0-8E0D14E9F4EA}.Debug|x86.Deploy.0 = Debug|x86
		{EF4FDC30-58EE-447F-A3B0-8E0D14E9F4EA}.Release|Any CPU.ActiveCfg = Release|x86
		{EF4FDC30-58EE-447F-A3B0-8E0D14E9F4EA}.Release|Any CPU.Build.0 = Release|x86
		{EF4FDC30-58EE-447F-A3B0-8E0D14E9F4EA}.Release|Any CPU.Deploy.0 = Release|x86
		{EF4FDC30-58EE-447F-A3B0-8E0D14E9F4EA}.Release|ARM.ActiveCfg = Release|ARM
		{EF4FDC30-58EE-447F-A3B0-8E0D14E9F4EA}.Release|ARM.Build.0 = Release|ARM
		{EF4FDC30-58EE-447F-A3B0-8E0D14E9F4EA}.Release|ARM.Deploy.0 = Release|ARM
		{EF4FDC30-58EE-447F-A3B0-8E0D14E9F4EA}.Release|iPhone.ActiveCfg = Release|x86
		{EF4FDC30-58EE-447F-A3B0-8E0D14E9F4EA}.Release|iPhoneSimulator.ActiveCfg = Release|x86
		{EF4FDC30-58EE-447F-A3B0-8E0D14E9F4EA}.Release|x64.ActiveCfg = Release|x64
		{EF4FDC30-58EE-447F-A3B0-8E0D14E9F4EA}.Release|x64.Build.0 = Release|x64
		{EF4FDC30-58EE-447F-A3B0-8E0D14E9F4EA}.Release|x64.Deploy.0 = Release|x64
		{EF4FDC30-58EE-447F-A3B0-8E0D14E9F4EA}.Release|x86.ActiveCfg = Release|x86
		{EF4FDC30-58EE-447F-A3B0-8E0D14E9F4EA}.Release|x86.Build.0 = Release|x86
		{EF4FDC30-58EE-447F-A3B0-8E0D14E9F4EA}.Release|x86.Deploy.0 = Release|x86
		{7FDEF114-30DA-4640-856A-86A80EE2E157}.Ad-Hoc|Any CPU.ActiveCfg = Release|Any CPU
		{7FDEF114-30DA-4640-856A-86A80EE2E157}.Ad-Hoc|Any CPU.Build.0 = Release|Any CPU
		{7FDEF114-30DA-4640-856A-86A80EE2E157}.Ad-Hoc|Any CPU.Deploy.0 = Release|Any CPU
		{7FDEF114-30DA-4640-856A-86A80EE2E157}.Ad-Hoc|ARM.ActiveCfg = Release|ARM
		{7FDEF114-30DA-4640-856A-86A80EE2E157}.Ad-Hoc|ARM.Build.0 = Release|ARM
		{7FDEF114-30DA-4640-856A-86A80EE2E157}.Ad-Hoc|ARM.Deploy.0 = Release|ARM
		{7FDEF114-30DA-4640-856A-86A80EE2E157}.Ad-Hoc|iPhone.ActiveCfg = Release|Any CPU
		{7FDEF114-30DA-4640-856A-86A80EE2E157}.Ad-Hoc|iPhone.Build.0 = Release|Any CPU
		{7FDEF114-30DA-4640-856A-86A80EE2E157}.Ad-Hoc|iPhone.Deploy.0 = Release|Any CPU
		{7FDEF114-30DA-4640-856A-86A80EE2E157}.Ad-Hoc|iPhoneSimulator.ActiveCfg = Release|Any CPU
		{7FDEF114-30DA-4640-856A-86A80EE2E157}.Ad-Hoc|iPhoneSimulator.Build.0 = Release|Any CPU
		{7FDEF114-30DA-4640-856A-86A80EE2E157}.Ad-Hoc|iPhoneSimulator.Deploy.0 = Release|Any CPU
		{7FDEF114-30DA-4640-856A-86A80EE2E157}.Ad-Hoc|x64.ActiveCfg = Release|x64
		{7FDEF114-30DA-4640-856A-86A80EE2E157}.Ad-Hoc|x64.Build.0 = Release|x64
		{7FDEF114-30DA-4640-856A-86A80EE2E157}.Ad-Hoc|x64.Deploy.0 = Release|x64
		{7FDEF114-30DA-4640-856A-86A80EE2E157}.Ad-Hoc|x86.ActiveCfg = Release|x86
		{7FDEF114-30DA-4640-856A-86A80EE2E157}.Ad-Hoc|x86.Build.0 = Release|x86
		{7FDEF114-30DA-4640-856A-86A80EE2E157}.Ad-Hoc|x86.Deploy.0 = Release|x86
		{7FDEF114-30DA-4640-856A-86A80EE2E157}.AppStore|Any CPU.ActiveCfg = Release|Any CPU
		{7FDEF114-30DA-4640-856A-86A80EE2E157}.AppStore|Any CPU.Build.0 = Release|Any CPU
		{7FDEF114-30DA-4640-856A-86A80EE2E157}.AppStore|Any CPU.Deploy.0 = Release|Any CPU
		{7FDEF114-30DA-4640-856A-86A80EE2E157}.AppStore|ARM.ActiveCfg = Release|ARM
		{7FDEF114-30DA-4640-856A-86A80EE2E157}.AppStore|ARM.Build.0 = Release|ARM
		{7FDEF114-30DA-4640-856A-86A80EE2E157}.AppStore|ARM.Deploy.0 = Release|ARM
		{7FDEF114-30DA-4640-856A-86A80EE2E157}.AppStore|iPhone.ActiveCfg = Release|Any CPU
		{7FDEF114-30DA-4640-856A-86A80EE2E157}.AppStore|iPhone.Build.0 = Release|Any CPU
		{7FDEF114-30DA-4640-856A-86A80EE2E157}.AppStore|iPhone.Deploy.0 = Release|Any CPU
		{7FDEF114-30DA-4640-856A-86A80EE2E157}.AppStore|iPhoneSimulator.ActiveCfg = Release|Any CPU
		{7FDEF114-30DA-4640-856A-86A80EE2E157}.AppStore|iPhoneSimulator.Build.0 = Release|Any CPU
		{7FDEF114-30DA-4640-856A-86A80EE2E157}.AppStore|iPhoneSimulator.Deploy.0 = Release|Any CPU
		{7FDEF114-30DA-4640-856A-86A80EE2E157}.AppStore|x64.ActiveCfg = Release|x64
		{7FDEF114-30DA-4640-856A-86A80EE2E157}.AppStore|x64.Build.0 = Release|x64
		{7FDEF114-30DA-4640-856A-86A80EE2E157}.AppStore|x64.Deploy.0 = Release|x64
		{7FDEF114-30DA-4640-856A-86A80EE2E157}.AppStore|x86.ActiveCfg = Release|x86
		{7FDEF114-30DA-4640-856A-86A80EE2E157}.AppStore|x86.Build.0 = Release|x86
		{7FDEF114-30DA-4640-856A-86A80EE2E157}.AppStore|x86.Deploy.0 = Release|x86
		{7FDEF114-30DA-4640-856A-86A80EE2E157}.Debug|Any CPU.ActiveCfg = Debug|Any CPU
		{7FDEF114-30DA-4640-856A-86A80EE2E157}.Debug|Any CPU.Build.0 = Debug|Any CPU
		{7FDEF114-30DA-4640-856A-86A80EE2E157}.Debug|Any CPU.Deploy.0 = Debug|Any CPU
		{7FDEF114-30DA-4640-856A-86A80EE2E157}.Debug|ARM.ActiveCfg = Debug|ARM
		{7FDEF114-30DA-4640-856A-86A80EE2E157}.Debug|ARM.Build.0 = Debug|ARM
		{7FDEF114-30DA-4640-856A-86A80EE2E157}.Debug|ARM.Deploy.0 = Debug|ARM
		{7FDEF114-30DA-4640-856A-86A80EE2E157}.Debug|iPhone.ActiveCfg = Debug|Any CPU
		{7FDEF114-30DA-4640-856A-86A80EE2E157}.Debug|iPhone.Build.0 = Debug|Any CPU
		{7FDEF114-30DA-4640-856A-86A80EE2E157}.Debug|iPhone.Deploy.0 = Debug|Any CPU
		{7FDEF114-30DA-4640-856A-86A80EE2E157}.Debug|iPhoneSimulator.ActiveCfg = Debug|Any CPU
		{7FDEF114-30DA-4640-856A-86A80EE2E157}.Debug|iPhoneSimulator.Build.0 = Debug|Any CPU
		{7FDEF114-30DA-4640-856A-86A80EE2E157}.Debug|iPhoneSimulator.Deploy.0 = Debug|Any CPU
		{7FDEF114-30DA-4640-856A-86A80EE2E157}.Debug|x64.ActiveCfg = Debug|x64
		{7FDEF114-30DA-4640-856A-86A80EE2E157}.Debug|x64.Build.0 = Debug|x64
		{7FDEF114-30DA-4640-856A-86A80EE2E157}.Debug|x64.Deploy.0 = Debug|x64
		{7FDEF114-30DA-4640-856A-86A80EE2E157}.Debug|x86.ActiveCfg = Debug|x86
		{7FDEF114-30DA-4640-856A-86A80EE2E157}.Debug|x86.Build.0 = Debug|x86
		{7FDEF114-30DA-4640-856A-86A80EE2E157}.Debug|x86.Deploy.0 = Debug|x86
		{7FDEF114-30DA-4640-856A-86A80EE2E157}.Release|Any CPU.ActiveCfg = Release|Any CPU
		{7FDEF114-30DA-4640-856A-86A80EE2E157}.Release|Any CPU.Build.0 = Release|Any CPU
		{7FDEF114-30DA-4640-856A-86A80EE2E157}.Release|Any CPU.Deploy.0 = Release|Any CPU
		{7FDEF114-30DA-4640-856A-86A80EE2E157}.Release|ARM.ActiveCfg = Release|ARM
		{7FDEF114-30DA-4640-856A-86A80EE2E157}.Release|ARM.Build.0 = Release|ARM
		{7FDEF114-30DA-4640-856A-86A80EE2E157}.Release|ARM.Deploy.0 = Release|ARM
		{7FDEF114-30DA-4640-856A-86A80EE2E157}.Release|iPhone.ActiveCfg = Release|Any CPU
		{7FDEF114-30DA-4640-856A-86A80EE2E157}.Release|iPhone.Build.0 = Release|Any CPU
		{7FDEF114-30DA-4640-856A-86A80EE2E157}.Release|iPhone.Deploy.0 = Release|Any CPU
		{7FDEF114-30DA-4640-856A-86A80EE2E157}.Release|iPhoneSimulator.ActiveCfg = Release|Any CPU
		{7FDEF114-30DA-4640-856A-86A80EE2E157}.Release|iPhoneSimulator.Build.0 = Release|Any CPU
		{7FDEF114-30DA-4640-856A-86A80EE2E157}.Release|iPhoneSimulator.Deploy.0 = Release|Any CPU
		{7FDEF114-30DA-4640-856A-86A80EE2E157}.Release|x64.ActiveCfg = Release|x64
		{7FDEF114-30DA-4640-856A-86A80EE2E157}.Release|x64.Build.0 = Release|x64
		{7FDEF114-30DA-4640-856A-86A80EE2E157}.Release|x64.Deploy.0 = Release|x64
		{7FDEF114-30DA-4640-856A-86A80EE2E157}.Release|x86.ActiveCfg = Release|x86
		{7FDEF114-30DA-4640-856A-86A80EE2E157}.Release|x86.Build.0 = Release|x86
		{7FDEF114-30DA-4640-856A-86A80EE2E157}.Release|x86.Deploy.0 = Release|x86
		{C8521B8F-109C-44D7-8A24-BE5551EF75FA}.Ad-Hoc|Any CPU.ActiveCfg = Release|Any CPU
		{C8521B8F-109C-44D7-8A24-BE5551EF75FA}.Ad-Hoc|Any CPU.Build.0 = Release|Any CPU
		{C8521B8F-109C-44D7-8A24-BE5551EF75FA}.Ad-Hoc|ARM.ActiveCfg = Release|Any CPU
		{C8521B8F-109C-44D7-8A24-BE5551EF75FA}.Ad-Hoc|ARM.Build.0 = Release|Any CPU
		{C8521B8F-109C-44D7-8A24-BE5551EF75FA}.Ad-Hoc|iPhone.ActiveCfg = Release|Any CPU
		{C8521B8F-109C-44D7-8A24-BE5551EF75FA}.Ad-Hoc|iPhone.Build.0 = Release|Any CPU
		{C8521B8F-109C-44D7-8A24-BE5551EF75FA}.Ad-Hoc|iPhoneSimulator.ActiveCfg = Release|Any CPU
		{C8521B8F-109C-44D7-8A24-BE5551EF75FA}.Ad-Hoc|iPhoneSimulator.Build.0 = Release|Any CPU
		{C8521B8F-109C-44D7-8A24-BE5551EF75FA}.Ad-Hoc|x64.ActiveCfg = Release|Any CPU
		{C8521B8F-109C-44D7-8A24-BE5551EF75FA}.Ad-Hoc|x64.Build.0 = Release|Any CPU
		{C8521B8F-109C-44D7-8A24-BE5551EF75FA}.Ad-Hoc|x86.ActiveCfg = Release|Any CPU
		{C8521B8F-109C-44D7-8A24-BE5551EF75FA}.Ad-Hoc|x86.Build.0 = Release|Any CPU
		{C8521B8F-109C-44D7-8A24-BE5551EF75FA}.AppStore|Any CPU.ActiveCfg = Release|Any CPU
		{C8521B8F-109C-44D7-8A24-BE5551EF75FA}.AppStore|Any CPU.Build.0 = Release|Any CPU
		{C8521B8F-109C-44D7-8A24-BE5551EF75FA}.AppStore|ARM.ActiveCfg = Release|Any CPU
		{C8521B8F-109C-44D7-8A24-BE5551EF75FA}.AppStore|ARM.Build.0 = Release|Any CPU
		{C8521B8F-109C-44D7-8A24-BE5551EF75FA}.AppStore|iPhone.ActiveCfg = Release|Any CPU
		{C8521B8F-109C-44D7-8A24-BE5551EF75FA}.AppStore|iPhone.Build.0 = Release|Any CPU
		{C8521B8F-109C-44D7-8A24-BE5551EF75FA}.AppStore|iPhoneSimulator.ActiveCfg = Release|Any CPU
		{C8521B8F-109C-44D7-8A24-BE5551EF75FA}.AppStore|iPhoneSimulator.Build.0 = Release|Any CPU
		{C8521B8F-109C-44D7-8A24-BE5551EF75FA}.AppStore|x64.ActiveCfg = Release|Any CPU
		{C8521B8F-109C-44D7-8A24-BE5551EF75FA}.AppStore|x64.Build.0 = Release|Any CPU
		{C8521B8F-109C-44D7-8A24-BE5551EF75FA}.AppStore|x86.ActiveCfg = Release|Any CPU
		{C8521B8F-109C-44D7-8A24-BE5551EF75FA}.AppStore|x86.Build.0 = Release|Any CPU
		{C8521B8F-109C-44D7-8A24-BE5551EF75FA}.Debug|Any CPU.ActiveCfg = Debug|Any CPU
		{C8521B8F-109C-44D7-8A24-BE5551EF75FA}.Debug|Any CPU.Build.0 = Debug|Any CPU
		{C8521B8F-109C-44D7-8A24-BE5551EF75FA}.Debug|ARM.ActiveCfg = Debug|Any CPU
		{C8521B8F-109C-44D7-8A24-BE5551EF75FA}.Debug|ARM.Build.0 = Debug|Any CPU
		{C8521B8F-109C-44D7-8A24-BE5551EF75FA}.Debug|iPhone.ActiveCfg = Debug|Any CPU
		{C8521B8F-109C-44D7-8A24-BE5551EF75FA}.Debug|iPhone.Build.0 = Debug|Any CPU
		{C8521B8F-109C-44D7-8A24-BE5551EF75FA}.Debug|iPhoneSimulator.ActiveCfg = Debug|Any CPU
		{C8521B8F-109C-44D7-8A24-BE5551EF75FA}.Debug|iPhoneSimulator.Build.0 = Debug|Any CPU
		{C8521B8F-109C-44D7-8A24-BE5551EF75FA}.Debug|x64.ActiveCfg = Debug|Any CPU
		{C8521B8F-109C-44D7-8A24-BE5551EF75FA}.Debug|x64.Build.0 = Debug|Any CPU
		{C8521B8F-109C-44D7-8A24-BE5551EF75FA}.Debug|x86.ActiveCfg = Debug|Any CPU
		{C8521B8F-109C-44D7-8A24-BE5551EF75FA}.Debug|x86.Build.0 = Debug|Any CPU
		{C8521B8F-109C-44D7-8A24-BE5551EF75FA}.Release|Any CPU.ActiveCfg = Release|Any CPU
		{C8521B8F-109C-44D7-8A24-BE5551EF75FA}.Release|Any CPU.Build.0 = Release|Any CPU
		{C8521B8F-109C-44D7-8A24-BE5551EF75FA}.Release|ARM.ActiveCfg = Release|Any CPU
		{C8521B8F-109C-44D7-8A24-BE5551EF75FA}.Release|ARM.Build.0 = Release|Any CPU
		{C8521B8F-109C-44D7-8A24-BE5551EF75FA}.Release|iPhone.ActiveCfg = Release|Any CPU
		{C8521B8F-109C-44D7-8A24-BE5551EF75FA}.Release|iPhone.Build.0 = Release|Any CPU
		{C8521B8F-109C-44D7-8A24-BE5551EF75FA}.Release|iPhoneSimulator.ActiveCfg = Release|Any CPU
		{C8521B8F-109C-44D7-8A24-BE5551EF75FA}.Release|iPhoneSimulator.Build.0 = Release|Any CPU
		{C8521B8F-109C-44D7-8A24-BE5551EF75FA}.Release|x64.ActiveCfg = Release|Any CPU
		{C8521B8F-109C-44D7-8A24-BE5551EF75FA}.Release|x64.Build.0 = Release|Any CPU
		{C8521B8F-109C-44D7-8A24-BE5551EF75FA}.Release|x86.ActiveCfg = Release|Any CPU
		{C8521B8F-109C-44D7-8A24-BE5551EF75FA}.Release|x86.Build.0 = Release|Any CPU
	EndGlobalSection
	GlobalSection(SolutionProperties) = preSolution
		HideSolutionNode = FALSE
	EndGlobalSection
EndGlobal
